dependencies:
- name: brigade
  repository: https://brigadecore.github.io/charts
  version: 1.7.1
- name: brigade-project
  repository: https://brigadecore.github.io/charts
  version: 1.0.0
- name: mongodb
  repository: https://charts.bitnami.com/bitnami
  version: 10.3.2
digest: sha256:2e4b781683aff140a8f68de9dd14af915e761f812933f58611f9a49a6d287b33
generated: "2020-12-23T07:05:57.6444422-08:00"
