dependencies:
- name: brigade
  repository: https://brigadecore.github.io/charts
  version: 1.7.1
- name: brigade-project
  repository: https://brigadecore.github.io/charts
  version: 1.0.0
digest: sha256:26d8dc5107afc45d7934a572ec4b2715ecb28355e066ac1055e3a30518b5160b
generated: "2020-12-22T21:54:26.24412827-08:00"
